
Microsoft Visual Studio Solution File, Format Version 12.00
# Visual Studio Version 17
VisualStudioVersion = 17.2.32526.322
MinimumVisualStudioVersion = 10.0.40219.1
Project("{9A19103F-16F7-4668-BE54-9A1E7A4F7556}") = "I2PSharp", "I2PSharp\I2PSharp.csproj", "{1D772F58-E346-4D45-B50F-F4197AB24D46}"
EndProject
Project("{9A19103F-16F7-4668-BE54-9A1E7A4F7556}") = "ClientDemo", "i2ptest\ClientDemo.csproj", "{24FFEF3B-8A6B-4C72-9D23-008E688D4B15}"
EndProject
Project("{9A19103F-16F7-4668-BE54-9A1E7A4F7556}") = "ServerDemo", "i2ptestAccepter\ServerDemo.csproj", "{A033F263-965C-4DD8-BAA6-C0E5DC9FFF2B}"
EndProject
Global
	GlobalSection(SolutionConfigurationPlatforms) = preSolution
		Debug|Any CPU = Debug|Any CPU
		Release|Any CPU = Release|Any CPU
	EndGlobalSection
	GlobalSection(ProjectConfigurationPlatforms) = postSolution
		{1D772F58-E346-4D45-B50F-F4197AB24D46}.Debug|Any CPU.ActiveCfg = Debug|Any CPU
		{1D772F58-E346-4D45-B50F-F4197AB24D46}.Debug|Any CPU.Build.0 = Debug|Any CPU
		{1D772F58-E346-4D45-B50F-F4197AB24D46}.Release|Any CPU.ActiveCfg = Release|Any CPU
		{1D772F58-E346-4D45-B50F-F4197AB24D46}.Release|Any CPU.Build.0 = Release|Any CPU
		{24FFEF3B-8A6B-4C72-9D23-008E688D4B15}.Debug|Any CPU.ActiveCfg = Debug|Any CPU
		{24FFEF3B-8A6B-4C72-9D23-008E688D4B15}.Debug|Any CPU.Build.0 = Debug|Any CPU
		{24FFEF3B-8A6B-4C72-9D23-008E688D4B15}.Release|Any CPU.ActiveCfg = Release|Any CPU
		{24FFEF3B-8A6B-4C72-9D23-008E688D4B15}.Release|Any CPU.Build.0 = Release|Any CPU
		{A033F263-965C-4DD8-BAA6-C0E5DC9FFF2B}.Debug|Any CPU.ActiveCfg = Debug|Any CPU
		{A033F263-965C-4DD8-BAA6-C0E5DC9FFF2B}.Debug|Any CPU.Build.0 = Debug|Any CPU
		{A033F263-965C-4DD8-BAA6-C0E5DC9FFF2B}.Release|Any CPU.ActiveCfg = Release|Any CPU
		{A033F263-965C-4DD8-BAA6-C0E5DC9FFF2B}.Release|Any CPU.Build.0 = Release|Any CPU
	EndGlobalSection
	GlobalSection(SolutionProperties) = preSolution
		HideSolutionNode = FALSE
	EndGlobalSection
	GlobalSection(ExtensibilityGlobals) = postSolution
		SolutionGuid = {334ED572-3A38-48A3-A682-00F072662A30}
	EndGlobalSection
EndGlobal
